
Microsoft Visual Studio Solution File, Format Version 12.00
# Visual Studio 15
VisualStudioVersion = 15.0.28307.539
MinimumVisualStudioVersion = 10.0.40219.1
Project("{FAE04EC0-301F-11D3-BF4B-00C04F79EFBC}") = "phonebook-manager-cs", "phonebook-manager-cs\phonebook-manager-cs.csproj", "{082F6A08-5998-4D83-B54A-5DB7C3BFD5DF}"
EndProject
Global
	GlobalSection(SolutionConfigurationPlatforms) = preSolution
		Debug|Any CPU = Debug|Any CPU
		Release|Any CPU = Release|Any CPU
	EndGlobalSection
	GlobalSection(ProjectConfigurationPlatforms) = postSolution
		{082F6A08-5998-4D83-B54A-5DB7C3BFD5DF}.Debug|Any CPU.ActiveCfg = Debug|Any CPU
		{082F6A08-5998-4D83-B54A-5DB7C3BFD5DF}.Debug|Any CPU.Build.0 = Debug|Any CPU
		{082F6A08-5998-4D83-B54A-5DB7C3BFD5DF}.Release|Any CPU.ActiveCfg = Release|Any CPU
		{082F6A08-5998-4D83-B54A-5DB7C3BFD5DF}.Release|Any CPU.Build.0 = Release|Any CPU
	EndGlobalSection
	GlobalSection(SolutionProperties) = preSolution
		HideSolutionNode = FALSE
	EndGlobalSection
	GlobalSection(ExtensibilityGlobals) = postSolution
		SolutionGuid = {5484BDB3-260D-4849-B386-A768684FCE9C}
	EndGlobalSection
EndGlobal
